schema: '2.0'
stages:
  preprocess:
    cmd: python src/pre_process.py data/sales.csv data/processed_sales.csv
    deps:
    - path: data/sales.csv
      hash: md5
      md5: ac763b654d4fa4af590d01ab0a46a5c1
      size: 500
    - path: src/pre_process.py
      hash: md5
      md5: 2f2b769ef4e575a2bde1c5e6e616b931
      size: 452
    outs:
    - path: data/processed_sales.csv
      hash: md5
      md5: 67e19dc9436c86559233fdbca26bce09
      size: 451
  train:
    cmd: python src/train.py data/processed_sales.csv model.pkl
    deps:
    - path: data/processed_sales.csv
      hash: md5
      md5: f80cecadacfa439c90e49e1820baec17
      size: 451
    - path: src/train.py
      hash: md5
      md5: 28d5af9d2dfeddb4562ec46efac20859
      size: 674
    outs:
    - path: model.pkl
      hash: md5
      md5: d18a0c9091d30d3d9ca2eedb9acd4e30
      size: 527
